
Microsoft Visual Studio Solution File, Format Version 12.00
# Visual Studio Version 17
VisualStudioVersion = 17.3.32901.215
MinimumVisualStudioVersion = 10.0.40219.1
Project("{2150E333-8FDC-42A3-9474-1A3956D46DE8}") = "src", "src", "{EEE8DF18-5BCA-4545-8615-A74A0461AC6A}"
EndProject
Project("{2150E333-8FDC-42A3-9474-1A3956D46DE8}") = "kodlama.io.Devs", "kodlama.io.Devs", "{AB24FF26-4816-47A9-A3FB-08B2EC547CAB}"
EndProject
Project("{2150E333-8FDC-42A3-9474-1A3956D46DE8}") = "corePackages", "corePackages", "{B8802553-BBF7-4AE2-B159-D6C39E08F9E9}"
EndProject
Project("{2150E333-8FDC-42A3-9474-1A3956D46DE8}") = "tests", "tests", "{B1593FE3-6CCD-42EC-A277-519D8508265F}"
EndProject
Project("{9A19103F-16F7-4668-BE54-9A1E7A4F7556}") = "Core.Application", "src\corePackages\Core.Application\Core.Application.csproj", "{DDD976BF-B36A-4632-ADC2-6A0BBE20E5B5}"
EndProject
Project("{9A19103F-16F7-4668-BE54-9A1E7A4F7556}") = "Core.Security", "src\corePackages\Core.Security\Core.Security.csproj", "{D4349A48-FC04-49A3-8D5F-B259610F7D50}"
EndProject
Project("{9A19103F-16F7-4668-BE54-9A1E7A4F7556}") = "Core.Persistence", "src\corePackages\Core.Persistence\Core.Persistence.csproj", "{5404C0CC-48F4-4069-B13B-8CDC86F0847F}"
EndProject
Project("{9A19103F-16F7-4668-BE54-9A1E7A4F7556}") = "Core.Mailing", "src\corePackages\Core.Mailing\Core.Mailing.csproj", "{8EB89CDB-4664-430B-85F3-6B732ACB11ED}"
EndProject
Project("{9A19103F-16F7-4668-BE54-9A1E7A4F7556}") = "Core.ElasticSearch", "src\corePackages\Core.ElasticSearch\Core.ElasticSearch.csproj", "{2FC0D3E9-3EAE-4817-8E1F-F728540B930F}"
EndProject
Project("{9A19103F-16F7-4668-BE54-9A1E7A4F7556}") = "Core.CrossCuttingConcerns", "src\corePackages\Core.CrossCuttingConcerns\Core.CrossCuttingConcerns.csproj", "{7306B72A-4EC5-4AE4-A71C-CD251C86B8D4}"
EndProject
Project("{FAE04EC0-301F-11D3-BF4B-00C04F79EFBC}") = "Application", "src\kodlama.io.Devs\Application\Application.csproj", "{37C46D2A-BD5E-45BE-A2BF-862BEF899423}"
EndProject
Project("{FAE04EC0-301F-11D3-BF4B-00C04F79EFBC}") = "Domain", "src\kodlama.io.Devs\Domain\Domain.csproj", "{1448056E-4A00-470A-81C5-DE5B585BF4AB}"
EndProject
Project("{FAE04EC0-301F-11D3-BF4B-00C04F79EFBC}") = "Persistence", "src\kodlama.io.Devs\Persistence\Persistence.csproj", "{04E7F601-0A99-46DC-831D-21E9644F7FE4}"
EndProject
Project("{FAE04EC0-301F-11D3-BF4B-00C04F79EFBC}") = "Infrastructure", "src\kodlama.io.Devs\Infrastructure\Infrastructure.csproj", "{7CF7F42D-E0C9-4883-920B-F044114755E7}"
EndProject
Project("{FAE04EC0-301F-11D3-BF4B-00C04F79EFBC}") = "WebAPI", "src\kodlama.io.Devs\WebAPI\WebAPI.csproj", "{D0411A1D-BE8B-4428-9DBA-19A216602AD5}"
EndProject
Global
	GlobalSection(SolutionConfigurationPlatforms) = preSolution
		Debug|Any CPU = Debug|Any CPU
		Release|Any CPU = Release|Any CPU
	EndGlobalSection
	GlobalSection(ProjectConfigurationPlatforms) = postSolution
		{DDD976BF-B36A-4632-ADC2-6A0BBE20E5B5}.Debug|Any CPU.ActiveCfg = Debug|Any CPU
		{DDD976BF-B36A-4632-ADC2-6A0BBE20E5B5}.Debug|Any CPU.Build.0 = Debug|Any CPU
		{DDD976BF-B36A-4632-ADC2-6A0BBE20E5B5}.Release|Any CPU.ActiveCfg = Release|Any CPU
		{DDD976BF-B36A-4632-ADC2-6A0BBE20E5B5}.Release|Any CPU.Build.0 = Release|Any CPU
		{D4349A48-FC04-49A3-8D5F-B259610F7D50}.Debug|Any CPU.ActiveCfg = Debug|Any CPU
		{D4349A48-FC04-49A3-8D5F-B259610F7D50}.Debug|Any CPU.Build.0 = Debug|Any CPU
		{D4349A48-FC04-49A3-8D5F-B259610F7D50}.Release|Any CPU.ActiveCfg = Release|Any CPU
		{D4349A48-FC04-49A3-8D5F-B259610F7D50}.Release|Any CPU.Build.0 = Release|Any CPU
		{5404C0CC-48F4-4069-B13B-8CDC86F0847F}.Debug|Any CPU.ActiveCfg = Debug|Any CPU
		{5404C0CC-48F4-4069-B13B-8CDC86F0847F}.Debug|Any CPU.Build.0 = Debug|Any CPU
		{5404C0CC-48F4-4069-B13B-8CDC86F0847F}.Release|Any CPU.ActiveCfg = Release|Any CPU
		{5404C0CC-48F4-4069-B13B-8CDC86F0847F}.Release|Any CPU.Build.0 = Release|Any CPU
		{8EB89CDB-4664-430B-85F3-6B732ACB11ED}.Debug|Any CPU.ActiveCfg = Debug|Any CPU
		{8EB89CDB-4664-430B-85F3-6B732ACB11ED}.Debug|Any CPU.Build.0 = Debug|Any CPU
		{8EB89CDB-4664-430B-85F3-6B732ACB11ED}.Release|Any CPU.ActiveCfg = Release|Any CPU
		{8EB89CDB-4664-430B-85F3-6B732ACB11ED}.Release|Any CPU.Build.0 = Release|Any CPU
		{2FC0D3E9-3EAE-4817-8E1F-F728540B930F}.Debug|Any CPU.ActiveCfg = Debug|Any CPU
		{2FC0D3E9-3EAE-4817-8E1F-F728540B930F}.Debug|Any CPU.Build.0 = Debug|Any CPU
		{2FC0D3E9-3EAE-4817-8E1F-F728540B930F}.Release|Any CPU.ActiveCfg = Release|Any CPU
		{2FC0D3E9-3EAE-4817-8E1F-F728540B930F}.Release|Any CPU.Build.0 = Release|Any CPU
		{7306B72A-4EC5-4AE4-A71C-CD251C86B8D4}.Debug|Any CPU.ActiveCfg = Debug|Any CPU
		{7306B72A-4EC5-4AE4-A71C-CD251C86B8D4}.Debug|Any CPU.Build.0 = Debug|Any CPU
		{7306B72A-4EC5-4AE4-A71C-CD251C86B8D4}.Release|Any CPU.ActiveCfg = Release|Any CPU
		{7306B72A-4EC5-4AE4-A71C-CD251C86B8D4}.Release|Any CPU.Build.0 = Release|Any CPU
		{37C46D2A-BD5E-45BE-A2BF-862BEF899423}.Debug|Any CPU.ActiveCfg = Debug|Any CPU
		{37C46D2A-BD5E-45BE-A2BF-862BEF899423}.Debug|Any CPU.Build.0 = Debug|Any CPU
		{37C46D2A-BD5E-45BE-A2BF-862BEF899423}.Release|Any CPU.ActiveCfg = Release|Any CPU
		{37C46D2A-BD5E-45BE-A2BF-862BEF899423}.Release|Any CPU.Build.0 = Release|Any CPU
		{1448056E-4A00-470A-81C5-DE5B585BF4AB}.Debug|Any CPU.ActiveCfg = Debug|Any CPU
		{1448056E-4A00-470A-81C5-DE5B585BF4AB}.Debug|Any CPU.Build.0 = Debug|Any CPU
		{1448056E-4A00-470A-81C5-DE5B585BF4AB}.Release|Any CPU.ActiveCfg = Release|Any CPU
		{1448056E-4A00-470A-81C5-DE5B585BF4AB}.Release|Any CPU.Build.0 = Release|Any CPU
		{04E7F601-0A99-46DC-831D-21E9644F7FE4}.Debug|Any CPU.ActiveCfg = Debug|Any CPU
		{04E7F601-0A99-46DC-831D-21E9644F7FE4}.Debug|Any CPU.Build.0 = Debug|Any CPU
		{04E7F601-0A99-46DC-831D-21E9644F7FE4}.Release|Any CPU.ActiveCfg = Release|Any CPU
		{04E7F601-0A99-46DC-831D-21E9644F7FE4}.Release|Any CPU.Build.0 = Release|Any CPU
		{7CF7F42D-E0C9-4883-920B-F044114755E7}.Debug|Any CPU.ActiveCfg = Debug|Any CPU
		{7CF7F42D-E0C9-4883-920B-F044114755E7}.Debug|Any CPU.Build.0 = Debug|Any CPU
		{7CF7F42D-E0C9-4883-920B-F044114755E7}.Release|Any CPU.ActiveCfg = Release|Any CPU
		{7CF7F42D-E0C9-4883-920B-F044114755E7}.Release|Any CPU.Build.0 = Release|Any CPU
		{D0411A1D-BE8B-4428-9DBA-19A216602AD5}.Debug|Any CPU.ActiveCfg = Debug|Any CPU
		{D0411A1D-BE8B-4428-9DBA-19A216602AD5}.Debug|Any CPU.Build.0 = Debug|Any CPU
		{D0411A1D-BE8B-4428-9DBA-19A216602AD5}.Release|Any CPU.ActiveCfg = Release|Any CPU
		{D0411A1D-BE8B-4428-9DBA-19A216602AD5}.Release|Any CPU.Build.0 = Release|Any CPU
	EndGlobalSection
	GlobalSection(SolutionProperties) = preSolution
		HideSolutionNode = FALSE
	EndGlobalSection
	GlobalSection(NestedProjects) = preSolution
		{AB24FF26-4816-47A9-A3FB-08B2EC547CAB} = {EEE8DF18-5BCA-4545-8615-A74A0461AC6A}
		{B8802553-BBF7-4AE2-B159-D6C39E08F9E9} = {EEE8DF18-5BCA-4545-8615-A74A0461AC6A}
		{B1593FE3-6CCD-42EC-A277-519D8508265F} = {EEE8DF18-5BCA-4545-8615-A74A0461AC6A}
		{DDD976BF-B36A-4632-ADC2-6A0BBE20E5B5} = {B8802553-BBF7-4AE2-B159-D6C39E08F9E9}
		{D4349A48-FC04-49A3-8D5F-B259610F7D50} = {B8802553-BBF7-4AE2-B159-D6C39E08F9E9}
		{5404C0CC-48F4-4069-B13B-8CDC86F0847F} = {B8802553-BBF7-4AE2-B159-D6C39E08F9E9}
		{8EB89CDB-4664-430B-85F3-6B732ACB11ED} = {B8802553-BBF7-4AE2-B159-D6C39E08F9E9}
		{2FC0D3E9-3EAE-4817-8E1F-F728540B930F} = {B8802553-BBF7-4AE2-B159-D6C39E08F9E9}
		{7306B72A-4EC5-4AE4-A71C-CD251C86B8D4} = {B8802553-BBF7-4AE2-B159-D6C39E08F9E9}
		{37C46D2A-BD5E-45BE-A2BF-862BEF899423} = {AB24FF26-4816-47A9-A3FB-08B2EC547CAB}
		{1448056E-4A00-470A-81C5-DE5B585BF4AB} = {AB24FF26-4816-47A9-A3FB-08B2EC547CAB}
		{04E7F601-0A99-46DC-831D-21E9644F7FE4} = {AB24FF26-4816-47A9-A3FB-08B2EC547CAB}
		{7CF7F42D-E0C9-4883-920B-F044114755E7} = {AB24FF26-4816-47A9-A3FB-08B2EC547CAB}
		{D0411A1D-BE8B-4428-9DBA-19A216602AD5} = {AB24FF26-4816-47A9-A3FB-08B2EC547CAB}
	EndGlobalSection
	GlobalSection(ExtensibilityGlobals) = postSolution
		SolutionGuid = {32C67C0E-431B-4FEC-BD02-2DA170B80625}
	EndGlobalSection
EndGlobal
